// !$*UTF8*$!
{
	archiveVersion = 1;
	classes = {
	};
	objectVersion = 70;
	objects = {

/* Begin PBXBuildFile section */
		27AD76732C4A44928B5B894A /* FileStore.swift in Sources */ = {isa = PBXBuildFile; fileRef = FC421CA0FAA946C586F0160C /* FileStore.swift */; };
		29A8816D306745D2AC26AB9F /* APIService.swift in Sources */ = {isa = PBXBuildFile; fileRef = 7ACC01B1F1734044BFFEA7AE /* APIService.swift */; };
		2F56019DC43A4BCA8A8936E6 /* FilePreviewSheet.swift in Sources */ = {isa = PBXBuildFile; fileRef = FF015D888EBD49969711ECFA /* FilePreviewSheet.swift */; };
		2F75ED1427574BADA10CD898 /* Models.swift in Sources */ = {isa = PBXBuildFile; fileRef = 7B2A79A72E394618B72CC9F1 /* Models.swift */; };
		48DC52708D2746B4B99FC255 /* GetSeenCloudApp.swift in Sources */ = {isa = PBXBuildFile; fileRef = 6BBC5DCFB07D480A85FB3905 /* GetSeenCloudApp.swift */; };
		4B9D14C62272475D993EC94F /* RootView.swift in Sources */ = {isa = PBXBuildFile; fileRef = 0A7783E682A245E886B73ADA /* RootView.swift */; };
		4D57245B30475BF90075A9DB /* UniformTypeIdentifiers.framework in Frameworks */ = {isa = PBXBuildFile; fileRef = 4D57245A30475BF80075A9DB /* UniformTypeIdentifiers.framework */; };
		4D57246730475BF90075A9DB /* FileProviderExt.appex in Embed Foundation Extensions */ = {isa = PBXBuildFile; fileRef = 4D57245830475BF80075A9DB /* FileProviderExt.appex */; platformFilters = (macos, ); settings = {ATTRIBUTES = (RemoveHeadersOnCopy, ); }; };
		50C2CF5AD0CC48A992E17771 /* LoginView.swift in Sources */ = {isa = PBXBuildFile; fileRef = F2A443DAE9DD47549765EB2E /* LoginView.swift */; };
		596965342AD141D386C82130 /* DocsEditorView.swift in Sources */ = {isa = PBXBuildFile; fileRef = F0C185A1C93B4887B7034EFC /* DocsEditorView.swift */; };
		9C79940A028C48F9A4C5FAF9 /* SettingsView.swift in Sources */ = {isa = PBXBuildFile; fileRef = 811BD6AA16D847ECA4228CB3 /* SettingsView.swift */; };
		9EB9BD7A305541138D97A789 /* NotificationManager.swift in Sources */ = {isa = PBXBuildFile; fileRef = 6FD3AA30B1904F27A6313C19 /* NotificationManager.swift */; };
		AA01010101010101010101A1 /* ProfileSheet.swift in Sources */ = {isa = PBXBuildFile; fileRef = AA01010101010101010101B1 /* ProfileSheet.swift */; };
		AA02020202020202020202A2 /* AIChatView.swift in Sources */ = {isa = PBXBuildFile; fileRef = AA02020202020202020202B2 /* AIChatView.swift */; };
		AA03030303030303030303A3 /* TwoFactorView.swift in Sources */ = {isa = PBXBuildFile; fileRef = AA03030303030303030303B3 /* TwoFactorView.swift */; };
		AA04040404040404040404A4 /* InfoSheets.swift in Sources */ = {isa = PBXBuildFile; fileRef = AA04040404040404040404B4 /* InfoSheets.swift */; };
		AA05050505050505050505A5 /* RegisterView.swift in Sources */ = {isa = PBXBuildFile; fileRef = AA05050505050505050505B5 /* RegisterView.swift */; };
		AA0606060606060606060607 /* SharesView.swift in Sources */ = {isa = PBXBuildFile; fileRef = AA0606060606060606060606 /* SharesView.swift */; };
		AA0707070707070707070708 /* Platform.swift in Sources */ = {isa = PBXBuildFile; fileRef = AA0707070707070707070707 /* Platform.swift */; };
		AA0808080808080808080809 /* StorageBreakdownView.swift in Sources */ = {isa = PBXBuildFile; fileRef = AA0808080808080808080808 /* StorageBreakdownView.swift */; };
		AA090909090909090909090A /* FileVersionsSheet.swift in Sources */ = {isa = PBXBuildFile; fileRef = AA0909090909090909090909 /* FileVersionsSheet.swift */; };
		AA0A0A0A0A0A0A0A0A0A0A0B /* AccountSheet.swift in Sources */ = {isa = PBXBuildFile; fileRef = AA0A0A0A0A0A0A0A0A0A0A0A /* AccountSheet.swift */; };
		AA0B0B0B0B0B0B0B0B0B0B0C /* FileInfoSheet.swift in Sources */ = {isa = PBXBuildFile; fileRef = AA0B0B0B0B0B0B0B0B0B0B0B /* FileInfoSheet.swift */; };
		AA0C0C0C0C0C0C0C0C0C0C0D /* NotificationsSheet.swift in Sources */ = {isa = PBXBuildFile; fileRef = AA0C0C0C0C0C0C0C0C0C0C0C /* NotificationsSheet.swift */; };
		AA0D0D0D0D0D0D0D0D0D0D0E /* ShareSheet.swift in Sources */ = {isa = PBXBuildFile; fileRef = AA0D0D0D0D0D0D0D0D0D0D0D /* ShareSheet.swift */; };
		AA0E0E0E0E0E0E0E0E0E0E0F /* WelcomeView.swift in Sources */ = {isa = PBXBuildFile; fileRef = AA0E0E0E0E0E0E0E0E0E0E0E /* WelcomeView.swift */; };
		B283831686F34129BCA54285 /* DashboardView.swift in Sources */ = {isa = PBXBuildFile; fileRef = 5BC3799D1BEE4613A8084877 /* DashboardView.swift */; };
		BA765B87FCD64037ABA194BA /* FileItemViews.swift in Sources */ = {isa = PBXBuildFile; fileRef = 773D0B205F7A4513A3BBBB90 /* FileItemViews.swift */; };
		D96800A18B104E9CA1C0C64D /* Theme.swift in Sources */ = {isa = PBXBuildFile; fileRef = B89BC93BCD2144E0890C02EB /* Theme.swift */; };
		E3CA43835E674C4886B91FB1 /* MenuBarView.swift in Sources */ = {isa = PBXBuildFile; fileRef = 7A28DF7BB0924D2DAE190EA2 /* MenuBarView.swift */; };
		E40F7DE0B99B4EC891176F76 /* AuthManager.swift in Sources */ = {isa = PBXBuildFile; fileRef = 3F9810C24A234DC7B549B833 /* AuthManager.swift */; };
		F5BA998EA9944B28B5597693 /* Assets.xcassets in Resources */ = {isa = PBXBuildFile; fileRef = B6F94903CD244DA0AA50486B /* Assets.xcassets */; };
/* End PBXBuildFile section */

/* Begin PBXContainerItemProxy section */
		4D57246530475BF90075A9DB /* PBXContainerItemProxy */ = {
			isa = PBXContainerItemProxy;
			containerPortal = 225F3D83613D415E94446DC7 /* Project object */;
			proxyType = 1;
			remoteGlobalIDString = 4D57245730475BF80075A9DB;
			remoteInfo = FileProviderExt;
		};
/* End PBXContainerItemProxy section */

/* Begin PBXCopyFilesBuildPhase section */
		4D57246830475BF90075A9DB /* Embed Foundation Extensions */ = {
			isa = PBXCopyFilesBuildPhase;
			buildActionMask = 2147483647;
			dstPath = "";
			dstSubfolderSpec = 13;
			files = (
				4D57246730475BF90075A9DB /* FileProviderExt.appex in Embed Foundation Extensions */,
			);
			name = "Embed Foundation Extensions";
			runOnlyForDeploymentPostprocessing = 0;
		};
/* End PBXCopyFilesBuildPhase section */

/* Begin PBXFileReference section */
		0A7783E682A245E886B73ADA /* RootView.swift */ = {isa = PBXFileReference; lastKnownFileType = sourcecode.swift; path = RootView.swift; sourceTree = "<group>"; };
		2B4748E5484E4C379FB712DD /* GetSeen Cloud.app */ = {isa = PBXFileReference; explicitFileType = wrapper.application; includeInIndex = 0; path = "GetSeen Cloud.app"; sourceTree = BUILT_PRODUCTS_DIR; };
		3F9810C24A234DC7B549B833 /* AuthManager.swift */ = {isa = PBXFileReference; lastKnownFileType = sourcecode.swift; path = AuthManager.swift; sourceTree = "<group>"; };
		4D57245830475BF80075A9DB /* FileProviderExt.appex */ = {isa = PBXFileReference; explicitFileType = "wrapper.app-extension"; includeInIndex = 0; path = FileProviderExt.appex; sourceTree = BUILT_PRODUCTS_DIR; };
		4D57245A30475BF80075A9DB /* UniformTypeIdentifiers.framework */ = {isa = PBXFileReference; lastKnownFileType = wrapper.framework; name = UniformTypeIdentifiers.framework; path = System/Library/Frameworks/UniformTypeIdentifiers.framework; sourceTree = SDKROOT; };
		5BC3799D1BEE4613A8084877 /* DashboardView.swift */ = {isa = PBXFileReference; lastKnownFileType = sourcecode.swift; path = DashboardView.swift; sourceTree = "<group>"; };
		6BBC5DCFB07D480A85FB3905 /* GetSeenCloudApp.swift */ = {isa = PBXFileReference; lastKnownFileType = sourcecode.swift; path = GetSeenCloudApp.swift; sourceTree = "<group>"; };
		6FD3AA30B1904F27A6313C19 /* NotificationManager.swift */ = {isa = PBXFileReference; lastKnownFileType = sourcecode.swift; path = NotificationManager.swift; sourceTree = "<group>"; };
		773D0B205F7A4513A3BBBB90 /* FileItemViews.swift */ = {isa = PBXFileReference; lastKnownFileType = sourcecode.swift; path = FileItemViews.swift; sourceTree = "<group>"; };
		7A28DF7BB0924D2DAE190EA2 /* MenuBarView.swift */ = {isa = PBXFileReference; lastKnownFileType = sourcecode.swift; path = MenuBarView.swift; sourceTree = "<group>"; };
		7ACC01B1F1734044BFFEA7AE /* APIService.swift */ = {isa = PBXFileReference; lastKnownFileType = sourcecode.swift; path = APIService.swift; sourceTree = "<group>"; };
		7B2A79A72E394618B72CC9F1 /* Models.swift */ = {isa = PBXFileReference; lastKnownFileType = sourcecode.swift; path = Models.swift; sourceTree = "<group>"; };
		811BD6AA16D847ECA4228CB3 /* SettingsView.swift */ = {isa = PBXFileReference; lastKnownFileType = sourcecode.swift; path = SettingsView.swift; sourceTree = "<group>"; };
		A9EE9CEB4F4E4CAD90A5813D /* GetSeen_Cloud.entitlements */ = {isa = PBXFileReference; lastKnownFileType = text.plist.entitlements; path = GetSeen_Cloud.entitlements; sourceTree = "<group>"; };
		AA01010101010101010101B1 /* ProfileSheet.swift */ = {isa = PBXFileReference; lastKnownFileType = sourcecode.swift; path = ProfileSheet.swift; sourceTree = "<group>"; };
		AA02020202020202020202B2 /* AIChatView.swift */ = {isa = PBXFileReference; lastKnownFileType = sourcecode.swift; path = AIChatView.swift; sourceTree = "<group>"; };
		AA03030303030303030303B3 /* TwoFactorView.swift */ = {isa = PBXFileReference; lastKnownFileType = sourcecode.swift; path = TwoFactorView.swift; sourceTree = "<group>"; };
		AA04040404040404040404B4 /* InfoSheets.swift */ = {isa = PBXFileReference; lastKnownFileType = sourcecode.swift; path = InfoSheets.swift; sourceTree = "<group>"; };
		AA05050505050505050505B5 /* RegisterView.swift */ = {isa = PBXFileReference; lastKnownFileType = sourcecode.swift; path = RegisterView.swift; sourceTree = "<group>"; };
		AA0606060606060606060606 /* SharesView.swift */ = {isa = PBXFileReference; lastKnownFileType = sourcecode.swift; path = SharesView.swift; sourceTree = "<group>"; };
		AA0707070707070707070707 /* Platform.swift */ = {isa = PBXFileReference; lastKnownFileType = sourcecode.swift; path = Platform.swift; sourceTree = "<group>"; };
		AA0808080808080808080808 /* StorageBreakdownView.swift */ = {isa = PBXFileReference; lastKnownFileType = sourcecode.swift; path = StorageBreakdownView.swift; sourceTree = "<group>"; };
		AA0909090909090909090909 /* FileVersionsSheet.swift */ = {isa = PBXFileReference; lastKnownFileType = sourcecode.swift; path = FileVersionsSheet.swift; sourceTree = "<group>"; };
		AA0A0A0A0A0A0A0A0A0A0A0A /* AccountSheet.swift */ = {isa = PBXFileReference; lastKnownFileType = sourcecode.swift; path = AccountSheet.swift; sourceTree = "<group>"; };
		AA0B0B0B0B0B0B0B0B0B0B0B /* FileInfoSheet.swift */ = {isa = PBXFileReference; lastKnownFileType = sourcecode.swift; path = FileInfoSheet.swift; sourceTree = "<group>"; };
		AA0C0C0C0C0C0C0C0C0C0C0C /* NotificationsSheet.swift */ = {isa = PBXFileReference; lastKnownFileType = sourcecode.swift; path = NotificationsSheet.swift; sourceTree = "<group>"; };
		AA0D0D0D0D0D0D0D0D0D0D0D /* ShareSheet.swift */ = {isa = PBXFileReference; lastKnownFileType = sourcecode.swift; path = ShareSheet.swift; sourceTree = "<group>"; };
		AA0E0E0E0E0E0E0E0E0E0E0E /* WelcomeView.swift */ = {isa = PBXFileReference; lastKnownFileType = sourcecode.swift; path = WelcomeView.swift; sourceTree = "<group>"; };
		AA0F0F0F0F0F0F0F0F0F0F0F /* GetSeen_Cloud_iOS.entitlements */ = {isa = PBXFileReference; lastKnownFileType = text.plist.entitlements; path = GetSeen_Cloud_iOS.entitlements; sourceTree = "<group>"; };
		B6F94903CD244DA0AA50486B /* Assets.xcassets */ = {isa = PBXFileReference; lastKnownFileType = folder.assetcatalog; path = Assets.xcassets; sourceTree = "<group>"; };
		B89BC93BCD2144E0890C02EB /* Theme.swift */ = {isa = PBXFileReference; lastKnownFileType = sourcecode.swift; path = Theme.swift; sourceTree = "<group>"; };
		F0C185A1C93B4887B7034EFC /* DocsEditorView.swift */ = {isa = PBXFileReference; lastKnownFileType = sourcecode.swift; path = DocsEditorView.swift; sourceTree = "<group>"; };
		F2A443DAE9DD47549765EB2E /* LoginView.swift */ = {isa = PBXFileReference; lastKnownFileType = sourcecode.swift; path = LoginView.swift; sourceTree = "<group>"; };
		FC421CA0FAA946C586F0160C /* FileStore.swift */ = {isa = PBXFileReference; lastKnownFileType = sourcecode.swift; path = FileStore.swift; sourceTree = "<group>"; };
		FF015D888EBD49969711ECFA /* FilePreviewSheet.swift */ = {isa = PBXFileReference; lastKnownFileType = sourcecode.swift; path = FilePreviewSheet.swift; sourceTree = "<group>"; };
/* End PBXFileReference section */

/* Begin PBXFileSystemSynchronizedBuildFileExceptionSet section */
		4D57246B30475BF90075A9DB /* PBXFileSystemSynchronizedBuildFileExceptionSet */ = {
			isa = PBXFileSystemSynchronizedBuildFileExceptionSet;
			membershipExceptions = (
				Info.plist,
			);
			target = 4D57245730475BF80075A9DB /* FileProviderExt */;
		};
/* End PBXFileSystemSynchronizedBuildFileExceptionSet section */

/* Begin PBXFileSystemSynchronizedRootGroup section */
		4D57245C30475BF90075A9DB /* FileProviderExt */ = {isa = PBXFileSystemSynchronizedRootGroup; exceptions = (4D57246B30475BF90075A9DB /* PBXFileSystemSynchronizedBuildFileExceptionSet */, ); explicitFileTypes = {}; explicitFolders = (); path = FileProviderExt; sourceTree = "<group>"; };
/* End PBXFileSystemSynchronizedRootGroup section */

/* Begin PBXFrameworksBuildPhase section */
		4D57245530475BF80075A9DB /* Frameworks */ = {
			isa = PBXFrameworksBuildPhase;
			buildActionMask = 2147483647;
			files = (
				4D57245B30475BF90075A9DB /* UniformTypeIdentifiers.framework in Frameworks */,
			);
			runOnlyForDeploymentPostprocessing = 0;
		};
		DD5FC2D8A825493CA62B91C6 /* Frameworks */ = {
			isa = PBXFrameworksBuildPhase;
			buildActionMask = 2147483647;
			files = (
			);
			runOnlyForDeploymentPostprocessing = 0;
		};
/* End PBXFrameworksBuildPhase section */

/* Begin PBXGroup section */
		203D84C342894724A8366BE3 = {
			isa = PBXGroup;
			children = (
				98EEEF5548864415A405193B /* GetSeen Cloud */,
				4D57245C30475BF90075A9DB /* FileProviderExt */,
				4D57245930475BF80075A9DB /* Frameworks */,
				5511735311F348A5841BE343 /* Products */,
			);
			sourceTree = "<group>";
		};
		4D57245930475BF80075A9DB /* Frameworks */ = {
			isa = PBXGroup;
			children = (
				4D57245A30475BF80075A9DB /* UniformTypeIdentifiers.framework */,
			);
			name = Frameworks;
			sourceTree = "<group>";
		};
		5511735311F348A5841BE343 /* Products */ = {
			isa = PBXGroup;
			children = (
				2B4748E5484E4C379FB712DD /* GetSeen Cloud.app */,
				4D57245830475BF80075A9DB /* FileProviderExt.appex */,
			);
			name = Products;
			sourceTree = "<group>";
		};
		718CDA58143749B89C391BC6 /* Models */ = {
			isa = PBXGroup;
			children = (
				7B2A79A72E394618B72CC9F1 /* Models.swift */,
			);
			path = Models;
			sourceTree = "<group>";
		};
		98EEEF5548864415A405193B /* GetSeen Cloud */ = {
			isa = PBXGroup;
			children = (
				6BBC5DCFB07D480A85FB3905 /* GetSeenCloudApp.swift */,
				CB516BF470C74E8F90601559 /* Services */,
				718CDA58143749B89C391BC6 /* Models */,
				B7B4AB5C5B37461EB37406A0 /* Views */,
				9EB0525823DD4E79BCC6EDAA /* Resources */,
				B6F94903CD244DA0AA50486B /* Assets.xcassets */,
				A9EE9CEB4F4E4CAD90A5813D /* GetSeen_Cloud.entitlements */,
				AA0F0F0F0F0F0F0F0F0F0F0F /* GetSeen_Cloud_iOS.entitlements */,
			);
			path = "GetSeen Cloud";
			sourceTree = "<group>";
		};
		9EB0525823DD4E79BCC6EDAA /* Resources */ = {
			isa = PBXGroup;
			children = (
				B89BC93BCD2144E0890C02EB /* Theme.swift */,
				AA0707070707070707070707 /* Platform.swift */,
			);
			path = Resources;
			sourceTree = "<group>";
		};
		B7B4AB5C5B37461EB37406A0 /* Views */ = {
			isa = PBXGroup;
			children = (
				0A7783E682A245E886B73ADA /* RootView.swift */,
				F2A443DAE9DD47549765EB2E /* LoginView.swift */,
				5BC3799D1BEE4613A8084877 /* DashboardView.swift */,
				773D0B205F7A4513A3BBBB90 /* FileItemViews.swift */,
				F0C185A1C93B4887B7034EFC /* DocsEditorView.swift */,
				FF015D888EBD49969711ECFA /* FilePreviewSheet.swift */,
				AA01010101010101010101B1 /* ProfileSheet.swift */,
				AA02020202020202020202B2 /* AIChatView.swift */,
				AA03030303030303030303B3 /* TwoFactorView.swift */,
				AA04040404040404040404B4 /* InfoSheets.swift */,
				AA05050505050505050505B5 /* RegisterView.swift */,
				811BD6AA16D847ECA4228CB3 /* SettingsView.swift */,
				7A28DF7BB0924D2DAE190EA2 /* MenuBarView.swift */,
				AA0606060606060606060606 /* SharesView.swift */,
				AA0808080808080808080808 /* StorageBreakdownView.swift */,
				AA0909090909090909090909 /* FileVersionsSheet.swift */,
				AA0A0A0A0A0A0A0A0A0A0A0A /* AccountSheet.swift */,
				AA0B0B0B0B0B0B0B0B0B0B0B /* FileInfoSheet.swift */,
				AA0D0D0D0D0D0D0D0D0D0D0D /* ShareSheet.swift */,
				AA0E0E0E0E0E0E0E0E0E0E0E /* WelcomeView.swift */,
				AA0C0C0C0C0C0C0C0C0C0C0C /* NotificationsSheet.swift */,
			);
			path = Views;
			sourceTree = "<group>";
		};
		CB516BF470C74E8F90601559 /* Services */ = {
			isa = PBXGroup;
			children = (
				7ACC01B1F1734044BFFEA7AE /* APIService.swift */,
				3F9810C24A234DC7B549B833 /* AuthManager.swift */,
				6FD3AA30B1904F27A6313C19 /* NotificationManager.swift */,
				FC421CA0FAA946C586F0160C /* FileStore.swift */,
			);
			path = Services;
			sourceTree = "<group>";
		};
/* End PBXGroup section */

/* Begin PBXNativeTarget section */
		4D57245730475BF80075A9DB /* FileProviderExt */ = {
			isa = PBXNativeTarget;
			buildConfigurationList = 4D57246C30475BF90075A9DB /* Build configuration list for PBXNativeTarget "FileProviderExt" */;
			buildPhases = (
				4D57245430475BF80075A9DB /* Sources */,
				4D57245530475BF80075A9DB /* Frameworks */,
				4D57245630475BF80075A9DB /* Resources */,
			);
			buildRules = (
			);
			dependencies = (
			);
			fileSystemSynchronizedGroups = (
				4D57245C30475BF90075A9DB /* FileProviderExt */,
			);
			name = FileProviderExt;
			packageProductDependencies = (
			);
			productName = FileProviderExt;
			productReference = 4D57245830475BF80075A9DB /* FileProviderExt.appex */;
			productType = "com.apple.product-type.app-extension";
		};
		AF95888E03994F0583A32D8F /* GetSeen Cloud */ = {
			isa = PBXNativeTarget;
			buildConfigurationList = 67874043F7754C6FB89CB0D1 /* Build configuration list for PBXNativeTarget "GetSeen Cloud" */;
			buildPhases = (
				2F2B65EE4DB14C12A7586B08 /* Sources */,
				DD5FC2D8A825493CA62B91C6 /* Frameworks */,
				E9C50C55A4324CBAA45DC0A5 /* Resources */,
				4D57246830475BF90075A9DB /* Embed Foundation Extensions */,
			);
			buildRules = (
			);
			dependencies = (
				4D57246630475BF90075A9DB /* PBXTargetDependency */,
			);
			name = "GetSeen Cloud";
			productName = "GetSeen Cloud";
			productReference = 2B4748E5484E4C379FB712DD /* GetSeen Cloud.app */;
			productType = "com.apple.product-type.application";
		};
/* End PBXNativeTarget section */

/* Begin PBXProject section */
		225F3D83613D415E94446DC7 /* Project object */ = {
			isa = PBXProject;
			attributes = {
				BuildIndependentTargetsInParallel = 1;
				LastSwiftUpdateCheck = 2660;
				LastUpgradeCheck = 1520;
				TargetAttributes = {
					4D57245730475BF80075A9DB = {
						CreatedOnToolsVersion = 26.6;
					};
					AF95888E03994F0583A32D8F = {
						CreatedOnToolsVersion = 15.2;
					};
				};
			};
			buildConfigurationList = A4718A15E6834A7EB56176D3 /* Build configuration list for PBXProject "GetSeen Cloud" */;
			compatibilityVersion = "Xcode 14.0";
			developmentRegion = de;
			hasScannedForEncodings = 0;
			knownRegions = (
				de,
				en,
				Base,
			);
			mainGroup = 203D84C342894724A8366BE3;
			productRefGroup = 5511735311F348A5841BE343 /* Products */;
			projectDirPath = "";
			projectRoot = "";
			targets = (
				AF95888E03994F0583A32D8F /* GetSeen Cloud */,
				4D57245730475BF80075A9DB /* FileProviderExt */,
			);
		};
/* End PBXProject section */

/* Begin PBXResourcesBuildPhase section */
		4D57245630475BF80075A9DB /* Resources */ = {
			isa = PBXResourcesBuildPhase;
			buildActionMask = 2147483647;
			files = (
			);
			runOnlyForDeploymentPostprocessing = 0;
		};
		E9C50C55A4324CBAA45DC0A5 /* Resources */ = {
			isa = PBXResourcesBuildPhase;
			buildActionMask = 2147483647;
			files = (
				F5BA998EA9944B28B5597693 /* Assets.xcassets in Resources */,
			);
			runOnlyForDeploymentPostprocessing = 0;
		};
/* End PBXResourcesBuildPhase section */

/* Begin PBXSourcesBuildPhase section */
		2F2B65EE4DB14C12A7586B08 /* Sources */ = {
			isa = PBXSourcesBuildPhase;
			buildActionMask = 2147483647;
			files = (
				48DC52708D2746B4B99FC255 /* GetSeenCloudApp.swift in Sources */,
				29A8816D306745D2AC26AB9F /* APIService.swift in Sources */,
				E40F7DE0B99B4EC891176F76 /* AuthManager.swift in Sources */,
				9EB9BD7A305541138D97A789 /* NotificationManager.swift in Sources */,
				27AD76732C4A44928B5B894A /* FileStore.swift in Sources */,
				AA0606060606060606060607 /* SharesView.swift in Sources */,
				AA0808080808080808080809 /* StorageBreakdownView.swift in Sources */,
				AA090909090909090909090A /* FileVersionsSheet.swift in Sources */,
				AA0A0A0A0A0A0A0A0A0A0A0B /* AccountSheet.swift in Sources */,
				AA0B0B0B0B0B0B0B0B0B0B0C /* FileInfoSheet.swift in Sources */,
				AA0D0D0D0D0D0D0D0D0D0D0E /* ShareSheet.swift in Sources */,
				AA0E0E0E0E0E0E0E0E0E0E0F /* WelcomeView.swift in Sources */,
				AA0C0C0C0C0C0C0C0C0C0C0D /* NotificationsSheet.swift in Sources */,
				AA0707070707070707070708 /* Platform.swift in Sources */,
				2F75ED1427574BADA10CD898 /* Models.swift in Sources */,
				D96800A18B104E9CA1C0C64D /* Theme.swift in Sources */,
				4B9D14C62272475D993EC94F /* RootView.swift in Sources */,
				50C2CF5AD0CC48A992E17771 /* LoginView.swift in Sources */,
				B283831686F34129BCA54285 /* DashboardView.swift in Sources */,
				BA765B87FCD64037ABA194BA /* FileItemViews.swift in Sources */,
				596965342AD141D386C82130 /* DocsEditorView.swift in Sources */,
				2F56019DC43A4BCA8A8936E6 /* FilePreviewSheet.swift in Sources */,
				9C79940A028C48F9A4C5FAF9 /* SettingsView.swift in Sources */,
				E3CA43835E674C4886B91FB1 /* MenuBarView.swift in Sources */,
				AA01010101010101010101A1 /* ProfileSheet.swift in Sources */,
				AA02020202020202020202A2 /* AIChatView.swift in Sources */,
				AA03030303030303030303A3 /* TwoFactorView.swift in Sources */,
				AA04040404040404040404A4 /* InfoSheets.swift in Sources */,
				AA05050505050505050505A5 /* RegisterView.swift in Sources */,
			);
			runOnlyForDeploymentPostprocessing = 0;
		};
		4D57245430475BF80075A9DB /* Sources */ = {
			isa = PBXSourcesBuildPhase;
			buildActionMask = 2147483647;
			files = (
			);
			runOnlyForDeploymentPostprocessing = 0;
		};
/* End PBXSourcesBuildPhase section */

/* Begin PBXTargetDependency section */
		4D57246630475BF90075A9DB /* PBXTargetDependency */ = {
			isa = PBXTargetDependency;
			platformFilters = (
				macos,
			);
			target = 4D57245730475BF80075A9DB /* FileProviderExt */;
			targetProxy = 4D57246530475BF90075A9DB /* PBXContainerItemProxy */;
		};
/* End PBXTargetDependency section */

/* Begin XCBuildConfiguration section */
		4D57246930475BF90075A9DB /* Debug */ = {
			isa = XCBuildConfiguration;
			buildSettings = {
				ASSETCATALOG_COMPILER_APPICON_NAME = AppIcon;
				ASSETCATALOG_COMPILER_GENERATE_SWIFT_ASSET_SYMBOL_EXTENSIONS = YES;
				CLANG_WARN_BLOCK_CAPTURE_AUTORELEASING = YES;
				CLANG_WARN_BOOL_CONVERSION = YES;
				CLANG_WARN_COMMA = YES;
				CLANG_WARN_CONSTANT_CONVERSION = YES;
				CLANG_WARN_DEPRECATED_OBJC_IMPLEMENTATIONS = YES;
				CLANG_WARN_DIRECT_OBJC_ISA_USAGE = YES_ERROR;
				CLANG_WARN_DOCUMENTATION_COMMENTS = YES;
				CLANG_WARN_EMPTY_BODY = YES;
				CLANG_WARN_ENUM_CONVERSION = YES;
				CLANG_WARN_INFINITE_RECURSION = YES;
				CLANG_WARN_INT_CONVERSION = YES;
				CLANG_WARN_NON_LITERAL_NULL_CONVERSION = YES;
				CLANG_WARN_OBJC_IMPLICIT_RETAIN_SELF = YES;
				CLANG_WARN_OBJC_LITERAL_CONVERSION = YES;
				CLANG_WARN_OBJC_ROOT_CLASS = YES_ERROR;
				CLANG_WARN_QUOTED_INCLUDE_IN_FRAMEWORK_HEADER = YES;
				CLANG_WARN_RANGE_LOOP_ANALYSIS = YES;
				CLANG_WARN_STRICT_PROTOTYPES = YES;
				CLANG_WARN_SUSPICIOUS_MOVE = YES;
				CLANG_WARN_UNGUARDED_AVAILABILITY = YES_AGGRESSIVE;
				CLANG_WARN_UNREACHABLE_CODE = YES;
				CLANG_WARN__DUPLICATE_METHOD_MATCH = YES;
				CODE_SIGN_ENTITLEMENTS = FileProviderExt/FileProviderExt.entitlements;
				CODE_SIGN_STYLE = Automatic;
				CURRENT_PROJECT_VERSION = 1;
				DEVELOPMENT_TEAM = CLDW8H5MGY;
				ENABLE_APP_SANDBOX = YES;
				ENABLE_HARDENED_RUNTIME = YES;
				GCC_WARN_64_TO_32_BIT_CONVERSION = YES;
				GCC_WARN_ABOUT_RETURN_TYPE = YES_ERROR;
				GCC_WARN_UNDECLARED_SELECTOR = YES;
				GCC_WARN_UNINITIALIZED_AUTOS = YES_AGGRESSIVE;
				GCC_WARN_UNUSED_FUNCTION = YES;
				GCC_WARN_UNUSED_VARIABLE = YES;
				GENERATE_INFOPLIST_FILE = YES;
				INFOPLIST_FILE = FileProviderExt/Info.plist;
				INFOPLIST_KEY_CFBundleDisplayName = FileProviderExt;
				INFOPLIST_KEY_NSHumanReadableCopyright = "";
				LD_RUNPATH_SEARCH_PATHS = (
					"$(inherited)",
					"@executable_path/../Frameworks",
					"@executable_path/../../../../Frameworks",
				);
				LOCALIZATION_PREFERS_STRING_CATALOGS = YES;
				MACOSX_DEPLOYMENT_TARGET = 13.0;
				MARKETING_VERSION = 1.0.1;
				PRODUCT_BUNDLE_IDENTIFIER = "GetSeen-Cloud.App-Mac.FileProviderExt";
				PRODUCT_NAME = "$(TARGET_NAME)";
				SDKROOT = macosx;
				SKIP_INSTALL = YES;
				STRING_CATALOG_GENERATE_SYMBOLS = YES;
				SUPPORTED_PLATFORMS = macosx;
				SWIFT_APPROACHABLE_CONCURRENCY = YES;
				SWIFT_EMIT_LOC_STRINGS = YES;
				SWIFT_UPCOMING_FEATURE_MEMBER_IMPORT_VISIBILITY = YES;
				SWIFT_VERSION = 5.0;
			};
			name = Debug;
		};
		4D57246A30475BF90075A9DB /* Release */ = {
			isa = XCBuildConfiguration;
			buildSettings = {
				ASSETCATALOG_COMPILER_APPICON_NAME = AppIcon;
				ASSETCATALOG_COMPILER_GENERATE_SWIFT_ASSET_SYMBOL_EXTENSIONS = YES;
				CLANG_WARN_BLOCK_CAPTURE_AUTORELEASING = YES;
				CLANG_WARN_BOOL_CONVERSION = YES;
				CLANG_WARN_COMMA = YES;
				CLANG_WARN_CONSTANT_CONVERSION = YES;
				CLANG_WARN_DEPRECATED_OBJC_IMPLEMENTATIONS = YES;
				CLANG_WARN_DIRECT_OBJC_ISA_USAGE = YES_ERROR;
				CLANG_WARN_DOCUMENTATION_COMMENTS = YES;
				CLANG_WARN_EMPTY_BODY = YES;
				CLANG_WARN_ENUM_CONVERSION = YES;
				CLANG_WARN_INFINITE_RECURSION = YES;
				CLANG_WARN_INT_CONVERSION = YES;
				CLANG_WARN_NON_LITERAL_NULL_CONVERSION = YES;
				CLANG_WARN_OBJC_IMPLICIT_RETAIN_SELF = YES;
				CLANG_WARN_OBJC_LITERAL_CONVERSION = YES;
				CLANG_WARN_OBJC_ROOT_CLASS = YES_ERROR;
				CLANG_WARN_QUOTED_INCLUDE_IN_FRAMEWORK_HEADER = YES;
				CLANG_WARN_RANGE_LOOP_ANALYSIS = YES;
				CLANG_WARN_STRICT_PROTOTYPES = YES;
				CLANG_WARN_SUSPICIOUS_MOVE = YES;
				CLANG_WARN_UNGUARDED_AVAILABILITY = YES_AGGRESSIVE;
				CLANG_WARN_UNREACHABLE_CODE = YES;
				CLANG_WARN__DUPLICATE_METHOD_MATCH = YES;
				CODE_SIGN_ENTITLEMENTS = FileProviderExt/FileProviderExt.entitlements;
				CODE_SIGN_STYLE = Automatic;
				CURRENT_PROJECT_VERSION = 1;
				DEVELOPMENT_TEAM = CLDW8H5MGY;
				ENABLE_APP_SANDBOX = YES;
				ENABLE_HARDENED_RUNTIME = YES;
				GCC_WARN_64_TO_32_BIT_CONVERSION = YES;
				GCC_WARN_ABOUT_RETURN_TYPE = YES_ERROR;
				GCC_WARN_UNDECLARED_SELECTOR = YES;
				GCC_WARN_UNINITIALIZED_AUTOS = YES_AGGRESSIVE;
				GCC_WARN_UNUSED_FUNCTION = YES;
				GCC_WARN_UNUSED_VARIABLE = YES;
				GENERATE_INFOPLIST_FILE = YES;
				INFOPLIST_FILE = FileProviderExt/Info.plist;
				INFOPLIST_KEY_CFBundleDisplayName = FileProviderExt;
				INFOPLIST_KEY_NSHumanReadableCopyright = "";
				LD_RUNPATH_SEARCH_PATHS = (
					"$(inherited)",
					"@executable_path/../Frameworks",
					"@executable_path/../../../../Frameworks",
				);
				LOCALIZATION_PREFERS_STRING_CATALOGS = YES;
				MACOSX_DEPLOYMENT_TARGET = 13.0;
				MARKETING_VERSION = 1.0.1;
				PRODUCT_BUNDLE_IDENTIFIER = "GetSeen-Cloud.App-Mac.FileProviderExt";
				PRODUCT_NAME = "$(TARGET_NAME)";
				SDKROOT = macosx;
				SKIP_INSTALL = YES;
				STRING_CATALOG_GENERATE_SYMBOLS = YES;
				SUPPORTED_PLATFORMS = macosx;
				SWIFT_APPROACHABLE_CONCURRENCY = YES;
				SWIFT_EMIT_LOC_STRINGS = YES;
				SWIFT_UPCOMING_FEATURE_MEMBER_IMPORT_VISIBILITY = YES;
				SWIFT_VERSION = 5.0;
			};
			name = Release;
		};
		AC8023FB655244BDA8F44124 /* Release */ = {
			isa = XCBuildConfiguration;
			buildSettings = {
				ALWAYS_SEARCH_USER_PATHS = NO;
				CLANG_ANALYZER_NONNULL = YES;
				CLANG_ANALYZER_NUMBER_OBJECT_CONVERSION = YES_AGGRESSIVE;
				CLANG_CXX_LANGUAGE_STANDARD = "gnu++20";
				CLANG_ENABLE_MODULES = YES;
				CLANG_ENABLE_OBJC_ARC = YES;
				CLANG_ENABLE_OBJC_WEAK = YES;
				COPY_PHASE_STRIP = NO;
				DEAD_CODE_STRIPPING = YES;
				DEBUG_INFORMATION_FORMAT = "dwarf-with-dsym";
				ENABLE_NS_ASSERTIONS = NO;
				ENABLE_STRICT_OBJC_MSGSEND = YES;
				ENABLE_USER_SCRIPT_SANDBOXING = YES;
				GCC_C_LANGUAGE_STANDARD = gnu17;
				GCC_NO_COMMON_BLOCKS = YES;
				MACOSX_DEPLOYMENT_TARGET = 13.0;
				MTL_ENABLE_DEBUG_INFO = NO;
				MTL_FAST_MATH = YES;
				SDKROOT = macosx;
				SWIFT_COMPILATION_MODE = wholemodule;
			};
			name = Release;
		};
		BBACAD9D5B39401B9B892B8F /* Debug */ = {
			isa = XCBuildConfiguration;
			buildSettings = {
				ASSETCATALOG_COMPILER_APPICON_NAME = AppIcon;
				ASSETCATALOG_COMPILER_GLOBAL_ACCENT_COLOR_NAME = AccentColor;
				"CODE_SIGN_ENTITLEMENTS[sdk=iphoneos*]" = "GetSeen Cloud/GetSeen_Cloud_iOS.entitlements";
				"CODE_SIGN_ENTITLEMENTS[sdk=iphonesimulator*]" = "GetSeen Cloud/GetSeen_Cloud_iOS.entitlements";
				"CODE_SIGN_ENTITLEMENTS[sdk=macosx*]" = "GetSeen Cloud/GetSeen_Cloud.entitlements";
				CODE_SIGN_STYLE = Automatic;
				COMBINE_HIDPI_IMAGES = YES;
				CURRENT_PROJECT_VERSION = 1;
				DEVELOPMENT_TEAM = CLDW8H5MGY;
				ENABLE_HARDENED_RUNTIME = YES;
				ENABLE_PREVIEWS = YES;
				GENERATE_INFOPLIST_FILE = YES;
				INFOPLIST_KEY_UISupportedInterfaceOrientations_iPad = "UIInterfaceOrientationPortrait UIInterfaceOrientationPortraitUpsideDown UIInterfaceOrientationLandscapeLeft UIInterfaceOrientationLandscapeRight";
				INFOPLIST_KEY_UISupportedInterfaceOrientations_iPhone = "UIInterfaceOrientationPortrait UIInterfaceOrientationLandscapeLeft UIInterfaceOrientationLandscapeRight";
				INFOPLIST_KEY_LSApplicationCategoryType = "public.app-category.productivity";
				INFOPLIST_KEY_NSHumanReadableCopyright = "© 2026 GetSeen UG (haftungsbeschränkt)";
				INFOPLIST_KEY_NSPrincipalClass = NSApplication;
				INFOPLIST_KEY_UILaunchScreen_Generation = YES;
				IPHONEOS_DEPLOYMENT_TARGET = 16.6;
				LD_RUNPATH_SEARCH_PATHS = (
					"$(inherited)",
					"@executable_path/../Frameworks",
				);
				MACOSX_DEPLOYMENT_TARGET = 13.0;
				MARKETING_VERSION = 1.0.1;
				PRODUCT_BUNDLE_IDENTIFIER = "GetSeen-Cloud.App-Mac";
				PRODUCT_NAME = "$(TARGET_NAME)";
				SUPPORTED_PLATFORMS = "iphoneos iphonesimulator macosx";
				SUPPORTS_MACCATALYST = NO;
				SWIFT_EMIT_LOC_STRINGS = YES;
				SWIFT_VERSION = 5.0;
				TARGETED_DEVICE_FAMILY = "1,2";
			};
			name = Debug;
		};
		E218E56C4BC247828109A442 /* Release */ = {
			isa = XCBuildConfiguration;
			buildSettings = {
				ASSETCATALOG_COMPILER_APPICON_NAME = AppIcon;
				ASSETCATALOG_COMPILER_GLOBAL_ACCENT_COLOR_NAME = AccentColor;
				"CODE_SIGN_ENTITLEMENTS[sdk=iphoneos*]" = "GetSeen Cloud/GetSeen_Cloud_iOS.entitlements";
				"CODE_SIGN_ENTITLEMENTS[sdk=iphonesimulator*]" = "GetSeen Cloud/GetSeen_Cloud_iOS.entitlements";
				"CODE_SIGN_ENTITLEMENTS[sdk=macosx*]" = "GetSeen Cloud/GetSeen_Cloud.entitlements";
				CODE_SIGN_STYLE = Automatic;
				COMBINE_HIDPI_IMAGES = YES;
				CURRENT_PROJECT_VERSION = 1;
				DEVELOPMENT_TEAM = CLDW8H5MGY;
				ENABLE_HARDENED_RUNTIME = YES;
				ENABLE_PREVIEWS = YES;
				GENERATE_INFOPLIST_FILE = YES;
				INFOPLIST_KEY_UISupportedInterfaceOrientations_iPad = "UIInterfaceOrientationPortrait UIInterfaceOrientationPortraitUpsideDown UIInterfaceOrientationLandscapeLeft UIInterfaceOrientationLandscapeRight";
				INFOPLIST_KEY_UISupportedInterfaceOrientations_iPhone = "UIInterfaceOrientationPortrait UIInterfaceOrientationLandscapeLeft UIInterfaceOrientationLandscapeRight";
				INFOPLIST_KEY_LSApplicationCategoryType = "public.app-category.productivity";
				INFOPLIST_KEY_NSHumanReadableCopyright = "© 2026 GetSeen UG (haftungsbeschränkt)";
				INFOPLIST_KEY_NSPrincipalClass = NSApplication;
				INFOPLIST_KEY_UILaunchScreen_Generation = YES;
				IPHONEOS_DEPLOYMENT_TARGET = 16.6;
				LD_RUNPATH_SEARCH_PATHS = (
					"$(inherited)",
					"@executable_path/../Frameworks",
				);
				MACOSX_DEPLOYMENT_TARGET = 13.0;
				MARKETING_VERSION = 1.0.1;
				PRODUCT_BUNDLE_IDENTIFIER = "GetSeen-Cloud.App-Mac";
				PRODUCT_NAME = "$(TARGET_NAME)";
				SUPPORTED_PLATFORMS = "iphoneos iphonesimulator macosx";
				SUPPORTS_MACCATALYST = NO;
				SWIFT_EMIT_LOC_STRINGS = YES;
				SWIFT_VERSION = 5.0;
				TARGETED_DEVICE_FAMILY = "1,2";
			};
			name = Release;
		};
		E7BD9DD23F4A4875BB61EBC5 /* Debug */ = {
			isa = XCBuildConfiguration;
			buildSettings = {
				ALWAYS_SEARCH_USER_PATHS = NO;
				CLANG_ANALYZER_NONNULL = YES;
				CLANG_ANALYZER_NUMBER_OBJECT_CONVERSION = YES_AGGRESSIVE;
				CLANG_CXX_LANGUAGE_STANDARD = "gnu++20";
				CLANG_ENABLE_MODULES = YES;
				CLANG_ENABLE_OBJC_ARC = YES;
				CLANG_ENABLE_OBJC_WEAK = YES;
				COPY_PHASE_STRIP = NO;
				DEAD_CODE_STRIPPING = YES;
				DEBUG_INFORMATION_FORMAT = dwarf;
				ENABLE_STRICT_OBJC_MSGSEND = YES;
				ENABLE_TESTABILITY = YES;
				ENABLE_USER_SCRIPT_SANDBOXING = YES;
				GCC_C_LANGUAGE_STANDARD = gnu17;
				GCC_DYNAMIC_NO_PIC = NO;
				GCC_NO_COMMON_BLOCKS = YES;
				GCC_OPTIMIZATION_LEVEL = 0;
				GCC_PREPROCESSOR_DEFINITIONS = (
					"DEBUG=1",
					"$(inherited)",
				);
				MACOSX_DEPLOYMENT_TARGET = 13.0;
				MTL_ENABLE_DEBUG_INFO = INCLUDE_SOURCE;
				MTL_FAST_MATH = YES;
				ONLY_ACTIVE_ARCH = YES;
				SDKROOT = macosx;
				SWIFT_ACTIVE_COMPILATION_CONDITIONS = "DEBUG $(inherited)";
				SWIFT_OPTIMIZATION_LEVEL = "-Onone";
			};
			name = Debug;
		};
/* End XCBuildConfiguration section */

/* Begin XCConfigurationList section */
		4D57246C30475BF90075A9DB /* Build configuration list for PBXNativeTarget "FileProviderExt" */ = {
			isa = XCConfigurationList;
			buildConfigurations = (
				4D57246930475BF90075A9DB /* Debug */,
				4D57246A30475BF90075A9DB /* Release */,
			);
			defaultConfigurationIsVisible = 0;
			defaultConfigurationName = Release;
		};
		67874043F7754C6FB89CB0D1 /* Build configuration list for PBXNativeTarget "GetSeen Cloud" */ = {
			isa = XCConfigurationList;
			buildConfigurations = (
				BBACAD9D5B39401B9B892B8F /* Debug */,
				E218E56C4BC247828109A442 /* Release */,
			);
			defaultConfigurationIsVisible = 0;
			defaultConfigurationName = Release;
		};
		A4718A15E6834A7EB56176D3 /* Build configuration list for PBXProject "GetSeen Cloud" */ = {
			isa = XCConfigurationList;
			buildConfigurations = (
				E7BD9DD23F4A4875BB61EBC5 /* Debug */,
				AC8023FB655244BDA8F44124 /* Release */,
			);
			defaultConfigurationIsVisible = 0;
			defaultConfigurationName = Release;
		};
/* End XCConfigurationList section */
	};
	rootObject = 225F3D83613D415E94446DC7 /* Project object */;
}
